
Microsoft Visual Studio Solution File, Format Version 12.00
# Visual Studio 14
VisualStudioVersion = 14.0.24720.0
MinimumVisualStudioVersion = 10.0.40219.1
Project("{FAE04EC0-301F-11D3-BF4B-00C04F79EFBC}") = "JS_Calculator", "JS_Calculator\JS_Calculator.csproj", "{EF921EF3-93BF-417A-B4F4-B556D7181BB5}"
EndProject
Global
	GlobalSection(SolutionConfigurationPlatforms) = preSolution
		Debug|Any CPU = Debug|Any CPU
		Release|Any CPU = Release|Any CPU
	EndGlobalSection
	GlobalSection(ProjectConfigurationPlatforms) = postSolution
		{EF921EF3-93BF-417A-B4F4-B556D7181BB5}.Debug|Any CPU.ActiveCfg = Debug|Any CPU
		{EF921EF3-93BF-417A-B4F4-B556D7181BB5}.Debug|Any CPU.Build.0 = Debug|Any CPU
		{EF921EF3-93BF-417A-B4F4-B556D7181BB5}.Release|Any CPU.ActiveCfg = Release|Any CPU
		{EF921EF3-93BF-417A-B4F4-B556D7181BB5}.Release|Any CPU.Build.0 = Release|Any CPU
	EndGlobalSection
	GlobalSection(SolutionProperties) = preSolution
		HideSolutionNode = FALSE
	EndGlobalSection
EndGlobal
